
Microsoft Visual Studio Solution File, Format Version 12.00
# Visual Studio Version 17
VisualStudioVersion = 17.11.35303.130
MinimumVisualStudioVersion = 10.0.40219.1
Project("{888888A0-9F3D-457C-B088-3A5042F75D52}") = "jarvis 2", "jarvis 2\jarvis 2.pyproj", "{7A8E7536-FA3F-4FC7-9ED5-8B1AE073AC2F}"
EndProject
Global
	GlobalSection(SolutionConfigurationPlatforms) = preSolution
		Debug|Any CPU = Debug|Any CPU
		Release|Any CPU = Release|Any CPU
	EndGlobalSection
	GlobalSection(ProjectConfigurationPlatforms) = postSolution
		{7A8E7536-FA3F-4FC7-9ED5-8B1AE073AC2F}.Debug|Any CPU.ActiveCfg = Debug|Any CPU
		{7A8E7536-FA3F-4FC7-9ED5-8B1AE073AC2F}.Release|Any CPU.ActiveCfg = Release|Any CPU
	EndGlobalSection
	GlobalSection(SolutionProperties) = preSolution
		HideSolutionNode = FALSE
	EndGlobalSection
	GlobalSection(ExtensibilityGlobals) = postSolution
		SolutionGuid = {73FDD55C-3798-46E7-9613-FE9AB1953226}
	EndGlobalSection
EndGlobal
